
Microsoft Visual Studio Solution File, Format Version 12.00
# Visual Studio Version 16
VisualStudioVersion = 16.0.31005.135
MinimumVisualStudioVersion = 10.0.40219.1
Project("{9A19103F-16F7-4668-BE54-9A1E7A4F7556}") = "PengaduanMasyarakatApp", "PengaduanMasyarakatApp\PengaduanMasyarakatApp.csproj", "{C1655FE1-E8D7-4A43-82BC-19E79863C1B8}"
EndProject
Project("{9A19103F-16F7-4668-BE54-9A1E7A4F7556}") = "PengaduanMasyarakatApp.DataAccessLibrary", "PengaduanMasyarakatApp.DataAccessLibrary\PengaduanMasyarakatApp.DataAccessLibrary.csproj", "{F4607A57-CDCE-48A8-A3BB-DCD54431D762}"
EndProject
Project("{9A19103F-16F7-4668-BE54-9A1E7A4F7556}") = "PengaduanMasyarakatApp.Shared", "PengaduanMasyarakatApp.Shared\PengaduanMasyarakatApp.Shared.csproj", "{F66B616D-E85A-4504-BFD4-D3BB46342818}"
EndProject
Global
	GlobalSection(SolutionConfigurationPlatforms) = preSolution
		Debug|Any CPU = Debug|Any CPU
		Release|Any CPU = Release|Any CPU
	EndGlobalSection
	GlobalSection(ProjectConfigurationPlatforms) = postSolution
		{C1655FE1-E8D7-4A43-82BC-19E79863C1B8}.Debug|Any CPU.ActiveCfg = Debug|Any CPU
		{C1655FE1-E8D7-4A43-82BC-19E79863C1B8}.Debug|Any CPU.Build.0 = Debug|Any CPU
		{C1655FE1-E8D7-4A43-82BC-19E79863C1B8}.Release|Any CPU.ActiveCfg = Release|Any CPU
		{C1655FE1-E8D7-4A43-82BC-19E79863C1B8}.Release|Any CPU.Build.0 = Release|Any CPU
		{F4607A57-CDCE-48A8-A3BB-DCD54431D762}.Debug|Any CPU.ActiveCfg = Debug|Any CPU
		{F4607A57-CDCE-48A8-A3BB-DCD54431D762}.Debug|Any CPU.Build.0 = Debug|Any CPU
		{F4607A57-CDCE-48A8-A3BB-DCD54431D762}.Release|Any CPU.ActiveCfg = Release|Any CPU
		{F4607A57-CDCE-48A8-A3BB-DCD54431D762}.Release|Any CPU.Build.0 = Release|Any CPU
		{F66B616D-E85A-4504-BFD4-D3BB46342818}.Debug|Any CPU.ActiveCfg = Debug|Any CPU
		{F66B616D-E85A-4504-BFD4-D3BB46342818}.Debug|Any CPU.Build.0 = Debug|Any CPU
		{F66B616D-E85A-4504-BFD4-D3BB46342818}.Release|Any CPU.ActiveCfg = Release|Any CPU
		{F66B616D-E85A-4504-BFD4-D3BB46342818}.Release|Any CPU.Build.0 = Release|Any CPU
	EndGlobalSection
	GlobalSection(SolutionProperties) = preSolution
		HideSolutionNode = FALSE
	EndGlobalSection
	GlobalSection(ExtensibilityGlobals) = postSolution
		SolutionGuid = {282DD23C-1AC0-48EE-92F1-E5A99B8653A1}
	EndGlobalSection
EndGlobal
